
Microsoft Visual Studio Solution File, Format Version 12.00
# Visual Studio Version 17
VisualStudioVersion = 17.11.35312.102
MinimumVisualStudioVersion = 10.0.40219.1
Project("{FAE04EC0-301F-11D3-BF4B-00C04F79EFBC}") = "GymManagement.Domain", "GymManagement.Domain\GymManagement.Domain.csproj", "{34C8A0E0-5D30-48B4-B14D-E4E1A6D565B2}"
EndProject
Project("{FAE04EC0-301F-11D3-BF4B-00C04F79EFBC}") = "GymManagement.Infrastructure", "GymManagement.Infrastructure\GymManagement.Infrastructure.csproj", "{94C4EDCF-80B2-40CF-8C35-498AEE1A23A5}"
EndProject
Project("{FAE04EC0-301F-11D3-BF4B-00C04F79EFBC}") = "GymManagement.Console", "GymManagement.Console\GymManagement.Console.csproj", "{3CB2E394-62C2-48CA-B5C0-C05EA3790327}"
EndProject
Project("{FAE04EC0-301F-11D3-BF4B-00C04F79EFBC}") = "GymManagement.Application", "GymManagement.Application\GymManagement.Application.csproj", "{84342CB8-C633-4F59-9DE5-BCE8BED749D6}"
EndProject
Global
	GlobalSection(SolutionConfigurationPlatforms) = preSolution
		Debug|Any CPU = Debug|Any CPU
		Release|Any CPU = Release|Any CPU
	EndGlobalSection
	GlobalSection(ProjectConfigurationPlatforms) = postSolution
		{34C8A0E0-5D30-48B4-B14D-E4E1A6D565B2}.Debug|Any CPU.ActiveCfg = Debug|Any CPU
		{34C8A0E0-5D30-48B4-B14D-E4E1A6D565B2}.Debug|Any CPU.Build.0 = Debug|Any CPU
		{34C8A0E0-5D30-48B4-B14D-E4E1A6D565B2}.Release|Any CPU.ActiveCfg = Release|Any CPU
		{34C8A0E0-5D30-48B4-B14D-E4E1A6D565B2}.Release|Any CPU.Build.0 = Release|Any CPU
		{94C4EDCF-80B2-40CF-8C35-498AEE1A23A5}.Debug|Any CPU.ActiveCfg = Debug|Any CPU
		{94C4EDCF-80B2-40CF-8C35-498AEE1A23A5}.Debug|Any CPU.Build.0 = Debug|Any CPU
		{94C4EDCF-80B2-40CF-8C35-498AEE1A23A5}.Release|Any CPU.ActiveCfg = Release|Any CPU
		{94C4EDCF-80B2-40CF-8C35-498AEE1A23A5}.Release|Any CPU.Build.0 = Release|Any CPU
		{3CB2E394-62C2-48CA-B5C0-C05EA3790327}.Debug|Any CPU.ActiveCfg = Debug|Any CPU
		{3CB2E394-62C2-48CA-B5C0-C05EA3790327}.Debug|Any CPU.Build.0 = Debug|Any CPU
		{3CB2E394-62C2-48CA-B5C0-C05EA3790327}.Release|Any CPU.ActiveCfg = Release|Any CPU
		{3CB2E394-62C2-48CA-B5C0-C05EA3790327}.Release|Any CPU.Build.0 = Release|Any CPU
		{84342CB8-C633-4F59-9DE5-BCE8BED749D6}.Debug|Any CPU.ActiveCfg = Debug|Any CPU
		{84342CB8-C633-4F59-9DE5-BCE8BED749D6}.Debug|Any CPU.Build.0 = Debug|Any CPU
		{84342CB8-C633-4F59-9DE5-BCE8BED749D6}.Release|Any CPU.ActiveCfg = Release|Any CPU
		{84342CB8-C633-4F59-9DE5-BCE8BED749D6}.Release|Any CPU.Build.0 = Release|Any CPU
	EndGlobalSection
	GlobalSection(SolutionProperties) = preSolution
		HideSolutionNode = FALSE
	EndGlobalSection
	GlobalSection(ExtensibilityGlobals) = postSolution
		SolutionGuid = {8E4E126A-02BE-4947-82DD-D4F6B12338C5}
	EndGlobalSection
EndGlobal
